
Microsoft Visual Studio Solution File, Format Version 12.00
Project("{FAE04EC0-301F-11D3-BF4B-00C04F79EFBC}") = "ISBN", "ISBN.csproj", "{CE38C4F8-8011-4C4D-A0CA-0EF193DDE0E5}"
EndProject
Project("{FAE04EC0-301F-11D3-BF4B-00C04F79EFBC}") = "ISBN.Tests", "ISBN.Tests\ISBN.Tests.csproj", "{830FB591-C9BE-4C7C-8BF0-78CE07A5107C}"
EndProject
Project("{FAE04EC0-301F-11D3-BF4B-00C04F79EFBC}") = "BookInfoProvider", "BookInfoProvider\BookInfoProvider.csproj", "{5C76825D-C3FF-4C8A-A61B-4C228DF0168B}"
EndProject
Global
	GlobalSection(SolutionConfigurationPlatforms) = preSolution
		Debug|Any CPU = Debug|Any CPU
		Release|Any CPU = Release|Any CPU
	EndGlobalSection
	GlobalSection(ProjectConfigurationPlatforms) = postSolution
		{CE38C4F8-8011-4C4D-A0CA-0EF193DDE0E5}.Debug|Any CPU.ActiveCfg = Debug|Any CPU
		{CE38C4F8-8011-4C4D-A0CA-0EF193DDE0E5}.Debug|Any CPU.Build.0 = Debug|Any CPU
		{CE38C4F8-8011-4C4D-A0CA-0EF193DDE0E5}.Release|Any CPU.ActiveCfg = Release|Any CPU
		{CE38C4F8-8011-4C4D-A0CA-0EF193DDE0E5}.Release|Any CPU.Build.0 = Release|Any CPU
		{830FB591-C9BE-4C7C-8BF0-78CE07A5107C}.Debug|Any CPU.ActiveCfg = Debug|Any CPU
		{830FB591-C9BE-4C7C-8BF0-78CE07A5107C}.Debug|Any CPU.Build.0 = Debug|Any CPU
		{830FB591-C9BE-4C7C-8BF0-78CE07A5107C}.Release|Any CPU.ActiveCfg = Release|Any CPU
		{830FB591-C9BE-4C7C-8BF0-78CE07A5107C}.Release|Any CPU.Build.0 = Release|Any CPU
		{5C76825D-C3FF-4C8A-A61B-4C228DF0168B}.Debug|Any CPU.ActiveCfg = Debug|Any CPU
		{5C76825D-C3FF-4C8A-A61B-4C228DF0168B}.Debug|Any CPU.Build.0 = Debug|Any CPU
		{5C76825D-C3FF-4C8A-A61B-4C228DF0168B}.Release|Any CPU.ActiveCfg = Release|Any CPU
		{5C76825D-C3FF-4C8A-A61B-4C228DF0168B}.Release|Any CPU.Build.0 = Release|Any CPU
	EndGlobalSection
EndGlobal
